
Microsoft Visual Studio Solution File, Format Version 12.00
# Visual Studio 15
VisualStudioVersion = 15.0.27130.2010
MinimumVisualStudioVersion = 10.0.40219.1
Project("{FAE04EC0-301F-11D3-BF4B-00C04F79EFBC}") = "XamContacts.Android", "XamContacts\XamContacts.Android\XamContacts.Android.csproj", "{F3293E36-745E-44D5-885F-0F2F0A43899B}"
EndProject
Project("{FAE04EC0-301F-11D3-BF4B-00C04F79EFBC}") = "XamContacts.iOS", "XamContacts\XamContacts.iOS\XamContacts.iOS.csproj", "{E6F5BBBC-BE04-4039-9403-004D9DECD5D6}"
EndProject
Project("{FAE04EC0-301F-11D3-BF4B-00C04F79EFBC}") = "XamContacts.UWP", "XamContacts\XamContacts.UWP\XamContacts.UWP.csproj", "{3071DF69-9BB2-4FFA-948B-24858FCF89BC}"
EndProject
Project("{FAE04EC0-301F-11D3-BF4B-00C04F79EFBC}") = "XamContacts", "XamContacts\XamContacts\XamContacts.csproj", "{5C18CA41-D05F-4604-9A29-AE273AE054F6}"
EndProject
Global
	GlobalSection(SolutionConfigurationPlatforms) = preSolution
		Ad-Hoc|Any CPU = Ad-Hoc|Any CPU
		Ad-Hoc|ARM = Ad-Hoc|ARM
		Ad-Hoc|iPhone = Ad-Hoc|iPhone
		Ad-Hoc|iPhoneSimulator = Ad-Hoc|iPhoneSimulator
		Ad-Hoc|x64 = Ad-Hoc|x64
		Ad-Hoc|x86 = Ad-Hoc|x86
		AppStore|Any CPU = AppStore|Any CPU
		AppStore|ARM = AppStore|ARM
		AppStore|iPhone = AppStore|iPhone
		AppStore|iPhoneSimulator = AppStore|iPhoneSimulator
		AppStore|x64 = AppStore|x64
		AppStore|x86 = AppStore|x86
		Debug|Any CPU = Debug|Any CPU
		Debug|ARM = Debug|ARM
		Debug|iPhone = Debug|iPhone
		Debug|iPhoneSimulator = Debug|iPhoneSimulator
		Debug|x64 = Debug|x64
		Debug|x86 = Debug|x86
		Release|Any CPU = Release|Any CPU
		Release|ARM = Release|ARM
		Release|iPhone = Release|iPhone
		Release|iPhoneSimulator = Release|iPhoneSimulator
		Release|x64 = Release|x64
		Release|x86 = Release|x86
	EndGlobalSection
	GlobalSection(ProjectConfigurationPlatforms) = postSolution
		{F3293E36-745E-44D5-885F-0F2F0A43899B}.Ad-Hoc|Any CPU.ActiveCfg = Release|Any CPU
		{F3293E36-745E-44D5-885F-0F2F0A43899B}.Ad-Hoc|Any CPU.Build.0 = Release|Any CPU
		{F3293E36-745E-44D5-885F-0F2F0A43899B}.Ad-Hoc|Any CPU.Deploy.0 = Release|Any CPU
		{F3293E36-745E-44D5-885F-0F2F0A43899B}.Ad-Hoc|ARM.ActiveCfg = Release|Any CPU
		{F3293E36-745E-44D5-885F-0F2F0A43899B}.Ad-Hoc|ARM.Build.0 = Release|Any CPU
		{F3293E36-745E-44D5-885F-0F2F0A43899B}.Ad-Hoc|ARM.Deploy.0 = Release|Any CPU
		{F3293E36-745E-44D5-885F-0F2F0A43899B}.Ad-Hoc|iPhone.ActiveCfg = Release|Any CPU
		{F3293E36-745E-44D5-885F-0F2F0A43899B}.Ad-Hoc|iPhone.Build.0 = Release|Any CPU
		{F3293E36-745E-44D5-885F-0F2F0A43899B}.Ad-Hoc|iPhone.Deploy.0 = Release|Any CPU
		{F3293E36-745E-44D5-885F-0F2F0A43899B}.Ad-Hoc|iPhoneSimulator.ActiveCfg = Release|Any CPU
		{F3293E36-745E-44D5-885F-0F2F0A43899B}.Ad-Hoc|iPhoneSimulator.Build.0 = Release|Any CPU
		{F3293E36-745E-44D5-885F-0F2F0A43899B}.Ad-Hoc|iPhoneSimulator.Deploy.0 = Release|Any CPU
		{F3293E36-745E-44D5-885F-0F2F0A43899B}.Ad-Hoc|x64.ActiveCfg = Release|Any CPU
		{F3293E36-745E-44D5-885F-0F2F0A43899B}.Ad-Hoc|x64.Build.0 = Release|Any CPU
		{F3293E36-745E-44D5-885F-0F2F0A43899B}.Ad-Hoc|x64.Deploy.0 = Release|Any CPU
		{F3293E36-745E-44D5-885F-0F2F0A43899B}.Ad-Hoc|x86.ActiveCfg = Release|Any CPU
		{F3293E36-745E-44D5-885F-0F2F0A43899B}.Ad-Hoc|x86.Build.0 = Release|Any CPU
		{F3293E36-745E-44D5-885F-0F2F0A43899B}.Ad-Hoc|x86.Deploy.0 = Release|Any CPU
		{F3293E36-745E-44D5-885F-0F2F0A43899B}.AppStore|Any CPU.ActiveCfg = Release|Any CPU
		{F3293E36-745E-44D5-885F-0F2F0A43899B}.AppStore|Any CPU.Build.0 = Release|Any CPU
		{F3293E36-745E-44D5-885F-0F2F0A43899B}.AppStore|Any CPU.Deploy.0 = Release|Any CPU
		{F3293E36-745E-44D5-885F-0F2F0A43899B}.AppStore|ARM.ActiveCfg = Release|Any CPU
		{F3293E36-745E-44D5-885F-0F2F0A43899B}.AppStore|ARM.Build.0 = Release|Any CPU
		{F3293E36-745E-44D5-885F-0F2F0A43899B}.AppStore|ARM.Deploy.0 = Release|Any CPU
		{F3293E36-745E-44D5-885F-0F2F0A43899B}.AppStore|iPhone.ActiveCfg = Release|Any CPU
		{F3293E36-745E-44D5-885F-0F2F0A43899B}.AppStore|iPhone.Build.0 = Release|Any CPU
		{F3293E36-745E-44D5-885F-0F2F0A43899B}.AppStore|iPhone.Deploy.0 = Release|Any CPU
		{F3293E36-745E-44D5-885F-0F2F0A43899B}.AppStore|iPhoneSimulator.ActiveCfg = Release|Any CPU
		{F3293E36-745E-44D5-885F-0F2F0A43899B}.AppStore|iPhoneSimulator.Build.0 = Release|Any CPU
		{F3293E36-745E-44D5-885F-0F2F0A43899B}.AppStore|iPhoneSimulator.Deploy.0 = Release|Any CPU
		{F3293E36-745E-44D5-885F-0F2F0A43899B}.AppStore|x64.ActiveCfg = Release|Any CPU
		{F3293E36-745E-44D5-885F-0F2F0A43899B}.AppStore|x64.Build.0 = Release|Any CPU
		{F3293E36-745E-44D5-885F-0F2F0A43899B}.AppStore|x64.Deploy.0 = Release|Any CPU
		{F3293E36-745E-44D5-885F-0F2F0A43899B}.AppStore|x86.ActiveCfg = Release|Any CPU
		{F3293E36-745E-44D5-885F-0F2F0A43899B}.AppStore|x86.Build.0 = Release|Any CPU
		{F3293E36-745E-44D5-885F-0F2F0A43899B}.AppStore|x86.Deploy.0 = Release|Any CPU
		{F3293E36-745E-44D5-885F-0F2F0A43899B}.Debug|Any CPU.ActiveCfg = Debug|Any CPU
		{F3293E36-745E-44D5-885F-0F2F0A43899B}.Debug|Any CPU.Build.0 = Debug|Any CPU
		{F3293E36-745E-44D5-885F-0F2F0A43899B}.Debug|Any CPU.Deploy.0 = Debug|Any CPU
		{F3293E36-745E-44D5-885F-0F2F0A43899B}.Debug|ARM.ActiveCfg = Debug|Any CPU
		{F3293E36-745E-44D5-885F-0F2F0A43899B}.Debug|ARM.Build.0 = Debug|Any CPU
		{F3293E36-745E-44D5-885F-0F2F0A43899B}.Debug|ARM.Deploy.0 = Debug|Any CPU
		{F3293E36-745E-44D5-885F-0F2F0A43899B}.Debug|iPhone.ActiveCfg = Debug|Any CPU
		{F3293E36-745E-44D5-885F-0F2F0A43899B}.Debug|iPhone.Build.0 = Debug|Any CPU
		{F3293E36-745E-44D5-885F-0F2F0A43899B}.Debug|iPhone.Deploy.0 = Debug|Any CPU
		{F3293E36-745E-44D5-885F-0F2F0A43899B}.Debug|iPhoneSimulator.ActiveCfg = Debug|Any CPU
		{F3293E36-745E-44D5-885F-0F2F0A43899B}.Debug|iPhoneSimulator.Build.0 = Debug|Any CPU
		{F3293E36-745E-44D5-885F-0F2F0A43899B}.Debug|iPhoneSimulator.Deploy.0 = Debug|Any CPU
		{F3293E36-745E-44D5-885F-0F2F0A43899B}.Debug|x64.ActiveCfg = Debug|Any CPU
		{F3293E36-745E-44D5-885F-0F2F0A43899B}.Debug|x64.Build.0 = Debug|Any CPU
		{F3293E36-745E-44D5-885F-0F2F0A43899B}.Debug|x64.Deploy.0 = Debug|Any CPU
		{F3293E36-745E-44D5-885F-0F2F0A43899B}.Debug|x86.ActiveCfg = Debug|Any CPU
		{F3293E36-745E-44D5-885F-0F2F0A43899B}.Debug|x86.Build.0 = Debug|Any CPU
		{F3293E36-745E-44D5-885F-0F2F0A43899B}.Debug|x86.Deploy.0 = Debug|Any CPU
		{F3293E36-745E-44D5-885F-0F2F0A43899B}.Release|Any CPU.ActiveCfg = Release|Any CPU
		{F3293E36-745E-44D5-885F-0F2F0A43899B}.Release|Any CPU.Build.0 = Release|Any CPU
		{F3293E36-745E-44D5-885F-0F2F0A43899B}.Release|Any CPU.Deploy.0 = Release|Any CPU
		{F3293E36-745E-44D5-885F-0F2F0A43899B}.Release|ARM.ActiveCfg = Release|Any CPU
		{F3293E36-745E-44D5-885F-0F2F0A43899B}.Release|ARM.Build.0 = Release|Any CPU
		{F3293E36-745E-44D5-885F-0F2F0A43899B}.Release|ARM.Deploy.0 = Release|Any CPU
		{F3293E36-745E-44D5-885F-0F2F0A43899B}.Release|iPhone.ActiveCfg = Release|Any CPU
		{F3293E36-745E-44D5-885F-0F2F0A43899B}.Release|iPhone.Build.0 = Release|Any CPU
		{F3293E36-745E-44D5-885F-0F2F0A43899B}.Release|iPhone.Deploy.0 = Release|Any CPU
		{F3293E36-745E-44D5-885F-0F2F0A43899B}.Release|iPhoneSimulator.ActiveCfg = Release|Any CPU
		{F3293E36-745E-44D5-885F-0F2F0A43899B}.Release|iPhoneSimulator.Build.0 = Release|Any CPU
		{F3293E36-745E-44D5-885F-0F2F0A43899B}.Release|iPhoneSimulator.Deploy.0 = Release|Any CPU
		{F3293E36-745E-44D5-885F-0F2F0A43899B}.Release|x64.ActiveCfg = Release|Any CPU
		{F3293E36-745E-44D5-885F-0F2F0A43899B}.Release|x64.Build.0 = Release|Any CPU
		{F3293E36-745E-44D5-885F-0F2F0A43899B}.Release|x64.Deploy.0 = Release|Any CPU
		{F3293E36-745E-44D5-885F-0F2F0A43899B}.Release|x86.ActiveCfg = Release|Any CPU
		{F3293E36-745E-44D5-885F-0F2F0A43899B}.Release|x86.Build.0 = Release|Any CPU
		{F3293E36-745E-44D5-885F-0F2F0A43899B}.Release|x86.Deploy.0 = Release|Any CPU
		{E6F5BBBC-BE04-4039-9403-004D9DECD5D6}.Ad-Hoc|Any CPU.ActiveCfg = Ad-Hoc|iPhone
		{E6F5BBBC-BE04-4039-9403-004D9DECD5D6}.Ad-Hoc|ARM.ActiveCfg = Ad-Hoc|iPhone
		{E6F5BBBC-BE04-4039-9403-004D9DECD5D6}.Ad-Hoc|iPhone.ActiveCfg = Ad-Hoc|iPhone
		{E6F5BBBC-BE04-4039-9403-004D9DECD5D6}.Ad-Hoc|iPhone.Build.0 = Ad-Hoc|iPhone
		{E6F5BBBC-BE04-4039-9403-004D9DECD5D6}.Ad-Hoc|iPhoneSimulator.ActiveCfg = Ad-Hoc|iPhoneSimulator
		{E6F5BBBC-BE04-4039-9403-004D9DECD5D6}.Ad-Hoc|iPhoneSimulator.Build.0 = Ad-Hoc|iPhoneSimulator
		{E6F5BBBC-BE04-4039-9403-004D9DECD5D6}.Ad-Hoc|x64.ActiveCfg = Ad-Hoc|iPhone
		{E6F5BBBC-BE04-4039-9403-004D9DECD5D6}.Ad-Hoc|x86.ActiveCfg = Ad-Hoc|iPhone
		{E6F5BBBC-BE04-4039-9403-004D9DECD5D6}.AppStore|Any CPU.ActiveCfg = AppStore|iPhone
		{E6F5BBBC-BE04-4039-9403-004D9DECD5D6}.AppStore|ARM.ActiveCfg = AppStore|iPhone
		{E6F5BBBC-BE04-4039-9403-004D9DECD5D6}.AppStore|iPhone.ActiveCfg = AppStore|iPhone
		{E6F5BBBC-BE04-4039-9403-004D9DECD5D6}.AppStore|iPhone.Build.0 = AppStore|iPhone
		{E6F5BBBC-BE04-4039-9403-004D9DECD5D6}.AppStore|iPhoneSimulator.ActiveCfg = AppStore|iPhoneSimulator
		{E6F5BBBC-BE04-4039-9403-004D9DECD5D6}.AppStore|iPhoneSimulator.Build.0 = AppStore|iPhoneSimulator
		{E6F5BBBC-BE04-4039-9403-004D9DECD5D6}.AppStore|x64.ActiveCfg = AppStore|iPhone
		{E6F5BBBC-BE04-4039-9403-004D9DECD5D6}.AppStore|x86.ActiveCfg = AppStore|iPhone
		{E6F5BBBC-BE04-4039-9403-004D9DECD5D6}.Debug|Any CPU.ActiveCfg = Debug|iPhone
		{E6F5BBBC-BE04-4039-9403-004D9DECD5D6}.Debug|ARM.ActiveCfg = Debug|iPhone
		{E6F5BBBC-BE04-4039-9403-004D9DECD5D6}.Debug|iPhone.ActiveCfg = Debug|iPhone
		{E6F5BBBC-BE04-4039-9403-004D9DECD5D6}.Debug|iPhone.Build.0 = Debug|iPhone
		{E6F5BBBC-BE04-4039-9403-004D9DECD5D6}.Debug|iPhoneSimulator.ActiveCfg = Debug|iPhoneSimulator
		{E6F5BBBC-BE04-4039-9403-004D9DECD5D6}.Debug|iPhoneSimulator.Build.0 = Debug|iPhoneSimulator
		{E6F5BBBC-BE04-4039-9403-004D9DECD5D6}.Debug|x64.ActiveCfg = Debug|iPhone
		{E6F5BBBC-BE04-4039-9403-004D9DECD5D6}.Debug|x86.ActiveCfg = Debug|iPhone
		{E6F5BBBC-BE04-4039-9403-004D9DECD5D6}.Release|Any CPU.ActiveCfg = Release|iPhone
		{E6F5BBBC-BE04-4039-9403-004D9DECD5D6}.Release|ARM.ActiveCfg = Release|iPhone
		{E6F5BBBC-BE04-4039-9403-004D9DECD5D6}.Release|iPhone.ActiveCfg = Release|iPhone
		{E6F5BBBC-BE04-4039-9403-004D9DECD5D6}.Release|iPhone.Build.0 = Release|iPhone
		{E6F5BBBC-BE04-4039-9403-004D9DECD5D6}.Release|iPhoneSimulator.ActiveCfg = Release|iPhoneSimulator
		{E6F5BBBC-BE04-4039-9403-004D9DECD5D6}.Release|iPhoneSimulator.Build.0 = Release|iPhoneSimulator
		{E6F5BBBC-BE04-4039-9403-004D9DECD5D6}.Release|x64.ActiveCfg = Release|iPhone
		{E6F5BBBC-BE04-4039-9403-004D9DECD5D6}.Release|x86.ActiveCfg = Release|iPhone
		{3071DF69-9BB2-4FFA-948B-24858FCF89BC}.Ad-Hoc|Any CPU.ActiveCfg = Release|x86
		{3071DF69-9BB2-4FFA-948B-24858FCF89BC}.Ad-Hoc|Any CPU.Build.0 = Release|x86
		{3071DF69-9BB2-4FFA-948B-24858FCF89BC}.Ad-Hoc|Any CPU.Deploy.0 = Release|x86
		{3071DF69-9BB2-4FFA-948B-24858FCF89BC}.Ad-Hoc|ARM.ActiveCfg = Release|ARM
		{3071DF69-9BB2-4FFA-948B-24858FCF89BC}.Ad-Hoc|ARM.Build.0 = Release|ARM
		{3071DF69-9BB2-4FFA-948B-24858FCF89BC}.Ad-Hoc|ARM.Deploy.0 = Release|ARM
		{3071DF69-9BB2-4FFA-948B-24858FCF89BC}.Ad-Hoc|iPhone.ActiveCfg = Release|x86
		{3071DF69-9BB2-4FFA-948B-24858FCF89BC}.Ad-Hoc|iPhone.Build.0 = Release|x86
		{3071DF69-9BB2-4FFA-948B-24858FCF89BC}.Ad-Hoc|iPhone.Deploy.0 = Release|x86
		{3071DF69-9BB2-4FFA-948B-24858FCF89BC}.Ad-Hoc|iPhoneSimulator.ActiveCfg = Release|x86
		{3071DF69-9BB2-4FFA-948B-24858FCF89BC}.Ad-Hoc|iPhoneSimulator.Build.0 = Release|x86
		{3071DF69-9BB2-4FFA-948B-24858FCF89BC}.Ad-Hoc|iPhoneSimulator.Deploy.0 = Release|x86
		{3071DF69-9BB2-4FFA-948B-24858FCF89BC}.Ad-Hoc|x64.ActiveCfg = Release|x64
		{3071DF69-9BB2-4FFA-948B-24858FCF89BC}.Ad-Hoc|x64.Build.0 = Release|x64
		{3071DF69-9BB2-4FFA-948B-24858FCF89BC}.Ad-Hoc|x64.Deploy.0 = Release|x64
		{3071DF69-9BB2-4FFA-948B-24858FCF89BC}.Ad-Hoc|x86.ActiveCfg = Release|x86
		{3071DF69-9BB2-4FFA-948B-24858FCF89BC}.Ad-Hoc|x86.Build.0 = Release|x86
		{3071DF69-9BB2-4FFA-948B-24858FCF89BC}.Ad-Hoc|x86.Deploy.0 = Release|x86
		{3071DF69-9BB2-4FFA-948B-24858FCF89BC}.AppStore|Any CPU.ActiveCfg = Release|x86
		{3071DF69-9BB2-4FFA-948B-24858FCF89BC}.AppStore|Any CPU.Build.0 = Release|x86
		{3071DF69-9BB2-4FFA-948B-24858FCF89BC}.AppStore|Any CPU.Deploy.0 = Release|x86
		{3071DF69-9BB2-4FFA-948B-24858FCF89BC}.AppStore|ARM.ActiveCfg = Release|ARM
		{3071DF69-9BB2-4FFA-948B-24858FCF89BC}.AppStore|ARM.Build.0 = Release|ARM
		{3071DF69-9BB2-4FFA-948B-24858FCF89BC}.AppStore|ARM.Deploy.0 = Release|ARM
		{3071DF69-9BB2-4FFA-948B-24858FCF89BC}.AppStore|iPhone.ActiveCfg = Release|x86
		{3071DF69-9BB2-4FFA-948B-24858FCF89BC}.AppStore|iPhone.Build.0 = Release|x86
		{3071DF69-9BB2-4FFA-948B-24858FCF89BC}.AppStore|iPhone.Deploy.0 = Release|x86
		{3071DF69-9BB2-4FFA-948B-24858FCF89BC}.AppStore|iPhoneSimulator.ActiveCfg = Release|x86
		{3071DF69-9BB2-4FFA-948B-24858FCF89BC}.AppStore|iPhoneSimulator.Build.0 = Release|x86
		{3071DF69-9BB2-4FFA-948B-24858FCF89BC}.AppStore|iPhoneSimulator.Deploy.0 = Release|x86
		{3071DF69-9BB2-4FFA-948B-24858FCF89BC}.AppStore|x64.ActiveCfg = Release|x64
		{3071DF69-9BB2-4FFA-948B-24858FCF89BC}.AppStore|x64.Build.0 = Release|x64
		{3071DF69-9BB2-4FFA-948B-24858FCF89BC}.AppStore|x64.Deploy.0 = Release|x64
		{3071DF69-9BB2-4FFA-948B-24858FCF89BC}.AppStore|x86.ActiveCfg = Release|x86
		{3071DF69-9BB2-4FFA-948B-24858FCF89BC}.AppStore|x86.Build.0 = Release|x86
		{3071DF69-9BB2-4FFA-948B-24858FCF89BC}.AppStore|x86.Deploy.0 = Release|x86
		{3071DF69-9BB2-4FFA-948B-24858FCF89BC}.Debug|Any CPU.ActiveCfg = Debug|x86
		{3071DF69-9BB2-4FFA-948B-24858FCF89BC}.Debug|ARM.ActiveCfg = Debug|ARM
		{3071DF69-9BB2-4FFA-948B-24858FCF89BC}.Debug|ARM.Build.0 = Debug|ARM
		{3071DF69-9BB2-4FFA-948B-24858FCF89BC}.Debug|ARM.Deploy.0 = Debug|ARM
		{3071DF69-9BB2-4FFA-948B-24858FCF89BC}.Debug|iPhone.ActiveCfg = Debug|x86
		{3071DF69-9BB2-4FFA-948B-24858FCF89BC}.Debug|iPhoneSimulator.ActiveCfg = Debug|x86
		{3071DF69-9BB2-4FFA-948B-24858FCF89BC}.Debug|x64.ActiveCfg = Debug|x64
		{3071DF69-9BB2-4FFA-948B-24858FCF89BC}.Debug|x64.Build.0 = Debug|x64
		{3071DF69-9BB2-4FFA-948B-24858FCF89BC}.Debug|x64.Deploy.0 = Debug|x64
		{3071DF69-9BB2-4FFA-948B-24858FCF89BC}.Debug|x86.ActiveCfg = Debug|x86
		{3071DF69-9BB2-4FFA-948B-24858FCF89BC}.Debug|x86.Build.0 = Debug|x86
		{3071DF69-9BB2-4FFA-948B-24858FCF89BC}.Debug|x86.Deploy.0 = Debug|x86
		{3071DF69-9BB2-4FFA-948B-24858FCF89BC}.Release|Any CPU.ActiveCfg = Release|x86
		{3071DF69-9BB2-4FFA-948B-24858FCF89BC}.Release|ARM.ActiveCfg = Release|ARM
		{3071DF69-9BB2-4FFA-948B-24858FCF89BC}.Release|ARM.Build.0 = Release|ARM
		{3071DF69-9BB2-4FFA-948B-24858FCF89BC}.Release|ARM.Deploy.0 = Release|ARM
		{3071DF69-9BB2-4FFA-948B-24858FCF89BC}.Release|iPhone.ActiveCfg = Release|x86
		{3071DF69-9BB2-4FFA-948B-24858FCF89BC}.Release|iPhoneSimulator.ActiveCfg = Release|x86
		{3071DF69-9BB2-4FFA-948B-24858FCF89BC}.Release|x64.ActiveCfg = Release|x64
		{3071DF69-9BB2-4FFA-948B-24858FCF89BC}.Release|x64.Build.0 = Release|x64
		{3071DF69-9BB2-4FFA-948B-24858FCF89BC}.Release|x64.Deploy.0 = Release|x64
		{3071DF69-9BB2-4FFA-948B-24858FCF89BC}.Release|x86.ActiveCfg = Release|x86
		{3071DF69-9BB2-4FFA-948B-24858FCF89BC}.Release|x86.Build.0 = Release|x86
		{3071DF69-9BB2-4FFA-948B-24858FCF89BC}.Release|x86.Deploy.0 = Release|x86
		{5C18CA41-D05F-4604-9A29-AE273AE054F6}.Ad-Hoc|Any CPU.ActiveCfg = Debug|Any CPU
		{5C18CA41-D05F-4604-9A29-AE273AE054F6}.Ad-Hoc|Any CPU.Build.0 = Debug|Any CPU
		{5C18CA41-D05F-4604-9A29-AE273AE054F6}.Ad-Hoc|ARM.ActiveCfg = Debug|Any CPU
		{5C18CA41-D05F-4604-9A29-AE273AE054F6}.Ad-Hoc|ARM.Build.0 = Debug|Any CPU
		{5C18CA41-D05F-4604-9A29-AE273AE054F6}.Ad-Hoc|iPhone.ActiveCfg = Debug|Any CPU
		{5C18CA41-D05F-4604-9A29-AE273AE054F6}.Ad-Hoc|iPhone.Build.0 = Debug|Any CPU
		{5C18CA41-D05F-4604-9A29-AE273AE054F6}.Ad-Hoc|iPhoneSimulator.ActiveCfg = Debug|Any CPU
		{5C18CA41-D05F-4604-9A29-AE273AE054F6}.Ad-Hoc|iPhoneSimulator.Build.0 = Debug|Any CPU
		{5C18CA41-D05F-4604-9A29-AE273AE054F6}.Ad-Hoc|x64.ActiveCfg = Debug|Any CPU
		{5C18CA41-D05F-4604-9A29-AE273AE054F6}.Ad-Hoc|x64.Build.0 = Debug|Any CPU
		{5C18CA41-D05F-4604-9A29-AE273AE054F6}.Ad-Hoc|x86.ActiveCfg = Debug|Any CPU
		{5C18CA41-D05F-4604-9A29-AE273AE054F6}.Ad-Hoc|x86.Build.0 = Debug|Any CPU
		{5C18CA41-D05F-4604-9A29-AE273AE054F6}.AppStore|Any CPU.ActiveCfg = Debug|Any CPU
		{5C18CA41-D05F-4604-9A29-AE273AE054F6}.AppStore|Any CPU.Build.0 = Debug|Any CPU
		{5C18CA41-D05F-4604-9A29-AE273AE054F6}.AppStore|ARM.ActiveCfg = Debug|Any CPU
		{5C18CA41-D05F-4604-9A29-AE273AE054F6}.AppStore|ARM.Build.0 = Debug|Any CPU
		{5C18CA41-D05F-4604-9A29-AE273AE054F6}.AppStore|iPhone.ActiveCfg = Debug|Any CPU
		{5C18CA41-D05F-4604-9A29-AE273AE054F6}.AppStore|iPhone.Build.0 = Debug|Any CPU
		{5C18CA41-D05F-4604-9A29-AE273AE054F6}.AppStore|iPhoneSimulator.ActiveCfg = Debug|Any CPU
		{5C18CA41-D05F-4604-9A29-AE273AE054F6}.AppStore|iPhoneSimulator.Build.0 = Debug|Any CPU
		{5C18CA41-D05F-4604-9A29-AE273AE054F6}.AppStore|x64.ActiveCfg = Debug|Any CPU
		{5C18CA41-D05F-4604-9A29-AE273AE054F6}.AppStore|x64.Build.0 = Debug|Any CPU
		{5C18CA41-D05F-4604-9A29-AE273AE054F6}.AppStore|x86.ActiveCfg = Debug|Any CPU
		{5C18CA41-D05F-4604-9A29-AE273AE054F6}.AppStore|x86.Build.0 = Debug|Any CPU
		{5C18CA41-D05F-4604-9A29-AE273AE054F6}.Debug|Any CPU.ActiveCfg = Debug|Any CPU
		{5C18CA41-D05F-4604-9A29-AE273AE054F6}.Debug|Any CPU.Build.0 = Debug|Any CPU
		{5C18CA41-D05F-4604-9A29-AE273AE054F6}.Debug|ARM.ActiveCfg = Debug|Any CPU
		{5C18CA41-D05F-4604-9A29-AE273AE054F6}.Debug|ARM.Build.0 = Debug|Any CPU
		{5C18CA41-D05F-4604-9A29-AE273AE054F6}.Debug|iPhone.ActiveCfg = Debug|Any CPU
		{5C18CA41-D05F-4604-9A29-AE273AE054F6}.Debug|iPhone.Build.0 = Debug|Any CPU
		{5C18CA41-D05F-4604-9A29-AE273AE054F6}.Debug|iPhoneSimulator.ActiveCfg = Debug|Any CPU
		{5C18CA41-D05F-4604-9A29-AE273AE054F6}.Debug|iPhoneSimulator.Build.0 = Debug|Any CPU
		{5C18CA41-D05F-4604-9A29-AE273AE054F6}.Debug|x64.ActiveCfg = Debug|Any CPU
		{5C18CA41-D05F-4604-9A29-AE273AE054F6}.Debug|x64.Build.0 = Debug|Any CPU
		{5C18CA41-D05F-4604-9A29-AE273AE054F6}.Debug|x86.ActiveCfg = Debug|Any CPU
		{5C18CA41-D05F-4604-9A29-AE273AE054F6}.Debug|x86.Build.0 = Debug|Any CPU
		{5C18CA41-D05F-4604-9A29-AE273AE054F6}.Release|Any CPU.ActiveCfg = Release|Any CPU
		{5C18CA41-D05F-4604-9A29-AE273AE054F6}.Release|Any CPU.Build.0 = Release|Any CPU
		{5C18CA41-D05F-4604-9A29-AE273AE054F6}.Release|ARM.ActiveCfg = Release|Any CPU
		{5C18CA41-D05F-4604-9A29-AE273AE054F6}.Release|ARM.Build.0 = Release|Any CPU
		{5C18CA41-D05F-4604-9A29-AE273AE054F6}.Release|iPhone.ActiveCfg = Release|Any CPU
		{5C18CA41-D05F-4604-9A29-AE273AE054F6}.Release|iPhone.Build.0 = Release|Any CPU
		{5C18CA41-D05F-4604-9A29-AE273AE054F6}.Release|iPhoneSimulator.ActiveCfg = Release|Any CPU
		{5C18CA41-D05F-4604-9A29-AE273AE054F6}.Release|iPhoneSimulator.Build.0 = Release|Any CPU
		{5C18CA41-D05F-4604-9A29-AE273AE054F6}.Release|x64.ActiveCfg = Release|Any CPU
		{5C18CA41-D05F-4604-9A29-AE273AE054F6}.Release|x64.Build.0 = Release|Any CPU
		{5C18CA41-D05F-4604-9A29-AE273AE054F6}.Release|x86.ActiveCfg = Release|Any CPU
		{5C18CA41-D05F-4604-9A29-AE273AE054F6}.Release|x86.Build.0 = Release|Any CPU
	EndGlobalSection
	GlobalSection(SolutionProperties) = preSolution
		HideSolutionNode = FALSE
	EndGlobalSection
	GlobalSection(ExtensibilityGlobals) = postSolution
		SolutionGuid = {03A76F1D-0CC4-4736-B42A-5C10EDF80D2E}
	EndGlobalSection
EndGlobal
